
Microsoft Visual Studio Solution File, Format Version 12.00
# Visual Studio Version 17
VisualStudioVersion = 17.4.33213.308
MinimumVisualStudioVersion = 10.0.40219.1
Project("{FAE04EC0-301F-11D3-BF4B-00C04F79EFBC}") = "SharpSwitch", "SharpSwitch\SharpSwitch.csproj", "{F5AF4DE0-DA64-45BE-8D24-05A9B7063263}"
EndProject
Global
	GlobalSection(SolutionConfigurationPlatforms) = preSolution
		Debug|Any CPU = Debug|Any CPU
		Release|Any CPU = Release|Any CPU
	EndGlobalSection
	GlobalSection(ProjectConfigurationPlatforms) = postSolution
		{F5AF4DE0-DA64-45BE-8D24-05A9B7063263}.Debug|Any CPU.ActiveCfg = Debug|Any CPU
		{F5AF4DE0-DA64-45BE-8D24-05A9B7063263}.Debug|Any CPU.Build.0 = Debug|Any CPU
		{F5AF4DE0-DA64-45BE-8D24-05A9B7063263}.Release|Any CPU.ActiveCfg = Release|Any CPU
		{F5AF4DE0-DA64-45BE-8D24-05A9B7063263}.Release|Any CPU.Build.0 = Release|Any CPU
	EndGlobalSection
	GlobalSection(SolutionProperties) = preSolution
		HideSolutionNode = FALSE
	EndGlobalSection
	GlobalSection(ExtensibilityGlobals) = postSolution
		SolutionGuid = {30E0D709-574D-4313-923D-C24030A2392A}
	EndGlobalSection
EndGlobal
